
Microsoft Visual Studio Solution File, Format Version 12.00
# TcXaeShell Solution File, Format Version 11.00
VisualStudioVersion = 17.7.34302.85
MinimumVisualStudioVersion = 10.0.40219.1
Project("{DFBE7525-6864-4E62-8B2E-D530D69D9D96}") = "TC_XTS_PLC", "TC_XTS_PLC\TC_XTS_PLC.tspproj", "{1A2EAAAF-3DB9-4B18-B1C8-82D4A42D7C3B}"
EndProject
Global
	GlobalSection(SolutionConfigurationPlatforms) = preSolution
		Debug|TwinCAT OS (ARMV7-A) = Debug|TwinCAT OS (ARMV7-A)
		Debug|TwinCAT OS (ARMV7-M) = Debug|TwinCAT OS (ARMV7-M)
		Debug|TwinCAT OS (ARMV8-A) = Debug|TwinCAT OS (ARMV8-A)
		Debug|TwinCAT OS (x64) = Debug|TwinCAT OS (x64)
		Debug|TwinCAT RT (x64) = Debug|TwinCAT RT (x64)
		Debug|TwinCAT RT (x86) = Debug|TwinCAT RT (x86)
		Release|TwinCAT OS (ARMV7-A) = Release|TwinCAT OS (ARMV7-A)
		Release|TwinCAT OS (ARMV7-M) = Release|TwinCAT OS (ARMV7-M)
		Release|TwinCAT OS (ARMV8-A) = Release|TwinCAT OS (ARMV8-A)
		Release|TwinCAT OS (x64) = Release|TwinCAT OS (x64)
		Release|TwinCAT RT (x64) = Release|TwinCAT RT (x64)
		Release|TwinCAT RT (x86) = Release|TwinCAT RT (x86)
	EndGlobalSection
	GlobalSection(ProjectConfigurationPlatforms) = postSolution
		{1A2EAAAF-3DB9-4B18-B1C8-82D4A42D7C3B}.Debug|TwinCAT OS (ARMV7-A).ActiveCfg = Debug|TwinCAT OS (ARMV7-A)
		{1A2EAAAF-3DB9-4B18-B1C8-82D4A42D7C3B}.Debug|TwinCAT OS (ARMV7-A).Build.0 = Debug|TwinCAT OS (ARMV7-A)
		{1A2EAAAF-3DB9-4B18-B1C8-82D4A42D7C3B}.Debug|TwinCAT OS (ARMV7-M).ActiveCfg = Debug|TwinCAT OS (ARMV7-M)
		{1A2EAAAF-3DB9-4B18-B1C8-82D4A42D7C3B}.Debug|TwinCAT OS (ARMV7-M).Build.0 = Debug|TwinCAT OS (ARMV7-M)
		{1A2EAAAF-3DB9-4B18-B1C8-82D4A42D7C3B}.Debug|TwinCAT OS (ARMV8-A).ActiveCfg = Debug|TwinCAT OS (ARMV8-A)
		{1A2EAAAF-3DB9-4B18-B1C8-82D4A42D7C3B}.Debug|TwinCAT OS (ARMV8-A).Build.0 = Debug|TwinCAT OS (ARMV8-A)
		{1A2EAAAF-3DB9-4B18-B1C8-82D4A42D7C3B}.Debug|TwinCAT OS (x64).ActiveCfg = Debug|TwinCAT OS (x64)
		{1A2EAAAF-3DB9-4B18-B1C8-82D4A42D7C3B}.Debug|TwinCAT OS (x64).Build.0 = Debug|TwinCAT OS (x64)
		{1A2EAAAF-3DB9-4B18-B1C8-82D4A42D7C3B}.Debug|TwinCAT RT (x64).ActiveCfg = Debug|TwinCAT RT (x64)
		{1A2EAAAF-3DB9-4B18-B1C8-82D4A42D7C3B}.Debug|TwinCAT RT (x64).Build.0 = Debug|TwinCAT RT (x64)
		{1A2EAAAF-3DB9-4B18-B1C8-82D4A42D7C3B}.Debug|TwinCAT RT (x86).ActiveCfg = Debug|TwinCAT RT (x86)
		{1A2EAAAF-3DB9-4B18-B1C8-82D4A42D7C3B}.Debug|TwinCAT RT (x86).Build.0 = Debug|TwinCAT RT (x86)
		{1A2EAAAF-3DB9-4B18-B1C8-82D4A42D7C3B}.Release|TwinCAT OS (ARMV7-A).ActiveCfg = Release|TwinCAT OS (ARMV7-A)
		{1A2EAAAF-3DB9-4B18-B1C8-82D4A42D7C3B}.Release|TwinCAT OS (ARMV7-A).Build.0 = Release|TwinCAT OS (ARMV7-A)
		{1A2EAAAF-3DB9-4B18-B1C8-82D4A42D7C3B}.Release|TwinCAT OS (ARMV7-M).ActiveCfg = Release|TwinCAT OS (ARMV7-M)
		{1A2EAAAF-3DB9-4B18-B1C8-82D4A42D7C3B}.Release|TwinCAT OS (ARMV7-M).Build.0 = Release|TwinCAT OS (ARMV7-M)
		{1A2EAAAF-3DB9-4B18-B1C8-82D4A42D7C3B}.Release|TwinCAT OS (ARMV8-A).ActiveCfg = Release|TwinCAT OS (ARMV8-A)
		{1A2EAAAF-3DB9-4B18-B1C8-82D4A42D7C3B}.Release|TwinCAT OS (ARMV8-A).Build.0 = Release|TwinCAT OS (ARMV8-A)
		{1A2EAAAF-3DB9-4B18-B1C8-82D4A42D7C3B}.Release|TwinCAT OS (x64).ActiveCfg = Release|TwinCAT OS (x64)
		{1A2EAAAF-3DB9-4B18-B1C8-82D4A42D7C3B}.Release|TwinCAT OS (x64).Build.0 = Release|TwinCAT OS (x64)
		{1A2EAAAF-3DB9-4B18-B1C8-82D4A42D7C3B}.Release|TwinCAT RT (x64).ActiveCfg = Release|TwinCAT RT (x64)
		{1A2EAAAF-3DB9-4B18-B1C8-82D4A42D7C3B}.Release|TwinCAT RT (x64).Build.0 = Release|TwinCAT RT (x64)
		{1A2EAAAF-3DB9-4B18-B1C8-82D4A42D7C3B}.Release|TwinCAT RT (x86).ActiveCfg = Release|TwinCAT RT (x86)
		{1A2EAAAF-3DB9-4B18-B1C8-82D4A42D7C3B}.Release|TwinCAT RT (x86).Build.0 = Release|TwinCAT RT (x86)
		{6D569018-A503-40F6-AB32-DE4D6AD91487}.Debug|TwinCAT OS (ARMV7-A).ActiveCfg = Debug|TwinCAT OS (ARMV7-A)
		{6D569018-A503-40F6-AB32-DE4D6AD91487}.Debug|TwinCAT OS (ARMV7-A).Build.0 = Debug|TwinCAT OS (ARMV7-A)
		{6D569018-A503-40F6-AB32-DE4D6AD91487}.Debug|TwinCAT OS (ARMV7-M).ActiveCfg = Debug|TwinCAT OS (ARMV7-M)
		{6D569018-A503-40F6-AB32-DE4D6AD91487}.Debug|TwinCAT OS (ARMV7-M).Build.0 = Debug|TwinCAT OS (ARMV7-M)
		{6D569018-A503-40F6-AB32-DE4D6AD91487}.Debug|TwinCAT OS (ARMV8-A).ActiveCfg = Debug|TwinCAT OS (ARMV8-A)
		{6D569018-A503-40F6-AB32-DE4D6AD91487}.Debug|TwinCAT OS (ARMV8-A).Build.0 = Debug|TwinCAT OS (ARMV8-A)
		{6D569018-A503-40F6-AB32-DE4D6AD91487}.Debug|TwinCAT OS (x64).ActiveCfg = Debug|TwinCAT OS (x64)
		{6D569018-A503-40F6-AB32-DE4D6AD91487}.Debug|TwinCAT OS (x64).Build.0 = Debug|TwinCAT OS (x64)
		{6D569018-A503-40F6-AB32-DE4D6AD91487}.Debug|TwinCAT RT (x64).ActiveCfg = Debug|TwinCAT RT (x64)
		{6D569018-A503-40F6-AB32-DE4D6AD91487}.Debug|TwinCAT RT (x64).Build.0 = Debug|TwinCAT RT (x64)
		{6D569018-A503-40F6-AB32-DE4D6AD91487}.Debug|TwinCAT RT (x86).ActiveCfg = Debug|TwinCAT RT (x86)
		{6D569018-A503-40F6-AB32-DE4D6AD91487}.Debug|TwinCAT RT (x86).Build.0 = Debug|TwinCAT RT (x86)
		{6D569018-A503-40F6-AB32-DE4D6AD91487}.Release|TwinCAT OS (ARMV7-A).ActiveCfg = Release|TwinCAT OS (ARMV7-A)
		{6D569018-A503-40F6-AB32-DE4D6AD91487}.Release|TwinCAT OS (ARMV7-A).Build.0 = Release|TwinCAT OS (ARMV7-A)
		{6D569018-A503-40F6-AB32-DE4D6AD91487}.Release|TwinCAT OS (ARMV7-M).ActiveCfg = Release|TwinCAT OS (ARMV7-M)
		{6D569018-A503-40F6-AB32-DE4D6AD91487}.Release|TwinCAT OS (ARMV7-M).Build.0 = Release|TwinCAT OS (ARMV7-M)
		{6D569018-A503-40F6-AB32-DE4D6AD91487}.Release|TwinCAT OS (ARMV8-A).ActiveCfg = Release|TwinCAT OS (ARMV8-A)
		{6D569018-A503-40F6-AB32-DE4D6AD91487}.Release|TwinCAT OS (ARMV8-A).Build.0 = Release|TwinCAT OS (ARMV8-A)
		{6D569018-A503-40F6-AB32-DE4D6AD91487}.Release|TwinCAT OS (x64).ActiveCfg = Release|TwinCAT OS (x64)
		{6D569018-A503-40F6-AB32-DE4D6AD91487}.Release|TwinCAT OS (x64).Build.0 = Release|TwinCAT OS (x64)
		{6D569018-A503-40F6-AB32-DE4D6AD91487}.Release|TwinCAT RT (x64).ActiveCfg = Release|TwinCAT RT (x64)
		{6D569018-A503-40F6-AB32-DE4D6AD91487}.Release|TwinCAT RT (x64).Build.0 = Release|TwinCAT RT (x64)
		{6D569018-A503-40F6-AB32-DE4D6AD91487}.Release|TwinCAT RT (x86).ActiveCfg = Release|TwinCAT RT (x86)
		{6D569018-A503-40F6-AB32-DE4D6AD91487}.Release|TwinCAT RT (x86).Build.0 = Release|TwinCAT RT (x86)
	EndGlobalSection
	GlobalSection(SolutionProperties) = preSolution
		HideSolutionNode = FALSE
	EndGlobalSection
	GlobalSection(ExtensibilityGlobals) = postSolution
		SolutionGuid = {64A45136-D838-4387-8C64-DCCBB30E0C7E}
	EndGlobalSection
EndGlobal
